%{
  "abit": {:hex, :abit, "0.3.1", "d51ea782e6e977e23e9f4765848257ce257f17cbe0fc58249f533916fc923606", [:mix], [], "hexpm", "27e702e2426e8dee3ebe452224ddd3cd323f11f869ecf40192b76cf0fb695566"},
  "bloomex": {:hex, :bloomex, "1.2.0", "5ebc0b20b8f8ecb4af08c60e88ca54a857d479c4490cba48bbb3f94840b326bf", [:mix], [{:jason, "~> 1.1", [hex: :jason, repo: "hexpm", optional: false]}], "hexpm", "db56d416563a75c643eda805a844726ce7a5dc4db36af4c478c3f4ce047ff266"},
  "jason": {:hex, :jason, "1.2.2", "ba43e3f2709fd1aa1dce90aaabfd039d000469c05c56f0b8e31978e03fa39052", [:mix], [{:decimal, "~> 1.0 or ~> 2.0", [hex: :decimal, repo: "hexpm", optional: true]}], "hexpm", "18a228f5f0058ee183f29f9eae0805c6e59d61c3b006760668d8d18ff0d12179"},
  "murmur": {:hex, :murmur, "1.0.3", "ade5e9cdb86300645abf72abbe064a87bc943678df2567986d720a70c8f48214", [:mix], [], "hexpm", "02b4dda9327ac6650cc9a8d007ec5244b609397b9110c5ad8549224eef9afc60"},
  "talan": {:hex, :talan, "0.1.1", "ff3aef7f617a33bcf77fab03252dddffde24d69c4c1db5f2b285fac15d36e709", [:mix], [{:abit, "~> 0.3", [hex: :abit, repo: "hexpm", optional: false]}, {:murmur, "~> 1.0", [hex: :murmur, repo: "hexpm", optional: false]}], "hexpm", "767b8cdeabc6396643c47114a844f261d41f922b45615c7fb389aa801e1ab646"},
}
